SITE
  remote: http://community.opscode.com/api/v1
  specs:
    apache2 (1.0.8)
    apt (1.2.0)
    aws (2.1.1)
    beanstalkd (0.0.2)
    build-essential (1.0.0)
    chef_handler (1.0.6)
    database (1.3.12)
      aws (>= 0.0.0)
      mysql (>= 1.3.0)
      postgresql (>= 1.0.0)
      xfs (>= 0.0.0)
    git (0.9.0)
      runit (>= 0)
    iptables (0.13.2)
    minitest-handler (0.1.0)
      chef_handler (>= 0.0.0)
    mysql (1.3.0)
      build-essential (>= 0.0.0)
      openssl (>= 0.0.0)
    openssh (1.3.2)
      iptables (>= 0.0.0)
    openssl (1.1.0)
    php (1.0.2)
      build-essential (>= 0.0.0)
      mysql (>= 0.0.0)
      xml (>= 0.0.0)
    postfix (1.0.0)
    postgresql (3.3.4)
      apt (>= 0.0.0)
      build-essential (>= 0.0.0)
      openssl (>= 0.0.0)
    python (1.0.8)
      build-essential (>= 0.0.0)
      yum (>= 0.0.0)
    rsync (0.7.0)
    runit (1.5.10)
      build-essential (>= 0.0.0)
      yum (~> 3.0)
      yum-epel (>= 0.0.0)
    screen (0.7.0)
    user (0.2.12)
    xfs (1.1.0)
    xml (1.2.4)
      build-essential (>= 0.0.0)
    yum (3.2.0)
    yum-epel (0.3.6)
      yum (~> 3.0)

GIT
  remote: git://github.com/edelight/chef-solo-search.git
  ref: master
  sha: 4079db540b9b2b00fb383cba8c30f24c2c3bfbb4
  specs:
    chef-solo-search (0.5.1)

GIT
  remote: git://github.com/typo3-cookbooks/locales.git
  ref: master
  sha: 21326c3a1a8eece0d8bcad6ff8763f5356988f09
  specs:
    locales (1.1.1)

GIT
  remote: https://github.com/TYPO3-cookbooks/site-docstypo3org.git
  ref: master
  sha: 7cb76cfc658ac7d8bc76b539e84b06c79e374bb5
  specs:
    site-docstypo3org (1.0.1)
      apache2 (>= 0.0.0)
      beanstalkd (>= 0.0.0)
      database (>= 0.0.0)
      mysql (>= 0.0.0)
      php (>= 0.0.0)
      python (>= 0.0.0)

DEPENDENCIES
  apache2 (= 1.0.8)
  apt (= 1.2.0)
  beanstalkd (= 0.0.2)
  build-essential (= 1.0.0)
  chef-solo-search (>= 0)
  chef_handler (= 1.0.6)
  database (= 1.3.12)
  git (= 0.9.0)
  locales (>= 0)
  minitest-handler (= 0.1.0)
  mysql (= 1.3.0)
  openssh (= 1.3.2)
  php (= 1.0.2)
  postfix (= 1.0.0)
  python (= 1.0.8)
  rsync (= 0.7)
  screen (= 0.7)
  site-docstypo3org (>= 0)
  user (= 0.2.12)

